Microsoft Visual Studio Solution File, Format Version 12.00
# Visual Studio Version 17
VisualStudioVersion = 17.5.2.0
MinimumVisualStudioVersion = 10.0.40219.1
Project("{FAE04EC0-301F-11D3-BF4B-00C04F79EFBC}") = "NativeLib", "NativeLib.csproj", "{FA80B861-C1E7-470A-D8A9-8C7B8AB7C681}"
EndProject
Global
	GlobalSection(SolutionConfigurationPlatforms) = preSolution
		Debug|Any CPU = Debug|Any CPU
		Release|Any CPU = Release|Any CPU
	EndGlobalSection
	GlobalSection(ProjectConfigurationPlatforms) = postSolution
		{FA80B861-C1E7-470A-D8A9-8C7B8AB7C681}.Debug|Any CPU.ActiveCfg = Debug|Any CPU
		{FA80B861-C1E7-470A-D8A9-8C7B8AB7C681}.Debug|Any CPU.Build.0 = Debug|Any CPU
		{FA80B861-C1E7-470A-D8A9-8C7B8AB7C681}.Release|Any CPU.ActiveCfg = Release|Any CPU
		{FA80B861-C1E7-470A-D8A9-8C7B8AB7C681}.Release|Any CPU.Build.0 = Release|Any CPU
	EndGlobalSection
	GlobalSection(SolutionProperties) = preSolution
		HideSolutionNode = FALSE
	EndGlobalSection
	GlobalSection(ExtensibilityGlobals) = postSolution
		SolutionGuid = {1B293696-5309-44C6-B2F0-19EB019E9303}
	EndGlobalSection
EndGlobal
